// !$*UTF8*$!
{
	archiveVersion = 1;
	classes = {
	};
	objectVersion = 46;
	objects = {

/* Begin PBXBuildFile section */
		F2C624101950753B00D8AEEB /* Foundation.framework in Frameworks */ = {isa = PBXBuildFile; fileRef = F2C6240F1950753B00D8AEEB /* Foundation.framework */; };
		F2C624121950753B00D8AEEB /* CoreGraphics.framework in Frameworks */ = {isa = PBXBuildFile; fileRef = F2C624111950753B00D8AEEB /* CoreGraphics.framework */; };
		F2C624141950753B00D8AEEB /* UIKit.framework in Frameworks */ = {isa = PBXBuildFile; fileRef = F2C624131950753B00D8AEEB /* UIKit.framework */; };
		F2C6241A1950753B00D8AEEB /* InfoPlist.strings in Resources */ = {isa = PBXBuildFile; fileRef = F2C624181950753B00D8AEEB /* InfoPlist.strings */; };
		F2C6241C1950753B00D8AEEB /* main.m in Sources */ = {isa = PBXBuildFile; fileRef = F2C6241B1950753B00D8AEEB /* main.m */; };
		F2C624201950753B00D8AEEB /* AppDelegate.m in Sources */ = {isa = PBXBuildFile; fileRef = F2C6241F1950753B00D8AEEB /* AppDelegate.m */; };
		F2C624231950753B00D8AEEB /* Main.storyboard in Resources */ = {isa = PBXBuildFile; fileRef = F2C624211950753B00D8AEEB /* Main.storyboard */; };
		F2C624261950753B00D8AEEB /* ViewController.m in Sources */ = {isa = PBXBuildFile; fileRef = F2C624251950753B00D8AEEB /* ViewController.m */; };
		F2C624281950753B00D8AEEB /* Images.xcassets in Resources */ = {isa = PBXBuildFile; fileRef = F2C624271950753B00D8AEEB /* Images.xcassets */; };
		F2C6242F1950753B00D8AEEB /* XCTest.framework in Frameworks */ = {isa = PBXBuildFile; fileRef = F2C6242E1950753B00D8AEEB /* XCTest.framework */; };
		F2C624301950753B00D8AEEB /* Foundation.framework in Frameworks */ = {isa = PBXBuildFile; fileRef = F2C6240F1950753B00D8AEEB /* Foundation.framework */; };
		F2C624311950753B00D8AEEB /* UIKit.framework in Frameworks */ = {isa = PBXBuildFile; fileRef = F2C624131950753B00D8AEEB /* UIKit.framework */; };
		F2C624391950753B00D8AEEB /* InfoPlist.strings in Resources */ = {isa = PBXBuildFile; fileRef = F2C624371950753B00D8AEEB /* InfoPlist.strings */; };
		F2C6243B1950753B00D8AEEB /* _9_Sodas_ChallengeTests.m in Sources */ = {isa = PBXBuildFile; fileRef = F2C6243A1950753B00D8AEEB /* _9_Sodas_ChallengeTests.m */; };
/* End PBXBuildFile section */

/* Begin PBXContainerItemProxy section */
		F2C624321950753B00D8AEEB /* PBXContainerItemProxy */ = {
			isa = PBXContainerItemProxy;
			containerPortal = F2C624041950753B00D8AEEB /* Project object */;
			proxyType = 1;
			remoteGlobalIDString = F2C6240B1950753B00D8AEEB;
			remoteInfo = "99 Sodas Challenge";
		};
/* End PBXContainerItemProxy section */

/* Begin PBXFileReference section */
		F2C6240C1950753B00D8AEEB /* 99 Sodas Challenge.app */ = {isa = PBXFileReference; explicitFileType = wrapper.application; includeInIndex = 0; path = "99 Sodas Challenge.app"; sourceTree = BUILT_PRODUCTS_DIR; };
		F2C6240F1950753B00D8AEEB /* Foundation.framework */ = {isa = PBXFileReference; lastKnownFileType = wrapper.framework; name = Foundation.framework; path = System/Library/Frameworks/Foundation.framework; sourceTree = SDKROOT; };
		F2C624111950753B00D8AEEB /* CoreGraphics.framework */ = {isa = PBXFileReference; lastKnownFileType = wrapper.framework; name = CoreGraphics.framework; path = System/Library/Frameworks/CoreGraphics.framework; sourceTree = SDKROOT; };
		F2C624131950753B00D8AEEB /* UIKit.framework */ = {isa = PBXFileReference; lastKnownFileType = wrapper.framework; name = UIKit.framework; path = System/Library/Frameworks/UIKit.framework; sourceTree = SDKROOT; };
		F2C624171950753B00D8AEEB /* 99 Sodas Challenge-Info.plist */ = {isa = PBXFileReference; lastKnownFileType = text.plist.xml; path = "99 Sodas Challenge-Info.plist"; sourceTree = "<group>"; };
		F2C624191950753B00D8AEEB /* en */ = {isa = PBXFileReference; lastKnownFileType = text.plist.strings; name = en; path = en.lproj/InfoPlist.strings; sourceTree = "<group>"; };
		F2C6241B1950753B00D8AEEB /* main.m */ = {isa = PBXFileReference; lastKnownFileType = sourcecode.c.objc; path = main.m; sourceTree = "<group>"; };
		F2C6241D1950753B00D8AEEB /* 99 Sodas Challenge-Prefix.pch */ = {isa = PBXFileReference; lastKnownFileType = sourcecode.c.h; path = "99 Sodas Challenge-Prefix.pch"; sourceTree = "<group>"; };
		F2C6241E1950753B00D8AEEB /* AppDelegate.h */ = {isa = PBXFileReference; lastKnownFileType = sourcecode.c.h; path = AppDelegate.h; sourceTree = "<group>"; };
		F2C6241F1950753B00D8AEEB /* AppDelegate.m */ = {isa = PBXFileReference; lastKnownFileType = sourcecode.c.objc; path = AppDelegate.m; sourceTree = "<group>"; };
		F2C624221950753B00D8AEEB /* Base */ = {isa = PBXFileReference; lastKnownFileType = file.storyboard; name = Base; path = Base.lproj/Main.storyboard; sourceTree = "<group>"; };
		F2C624241950753B00D8AEEB /* ViewController.h */ = {isa = PBXFileReference; lastKnownFileType = sourcecode.c.h; path = ViewController.h; sourceTree = "<group>"; };
		F2C624251950753B00D8AEEB /* ViewController.m */ = {isa = PBXFileReference; lastKnownFileType = sourcecode.c.objc; path = ViewController.m; sourceTree = "<group>"; };
		F2C624271950753B00D8AEEB /* Images.xcassets */ = {isa = PBXFileReference; lastKnownFileType = folder.assetcatalog; path = Images.xcassets; sourceTree = "<group>"; };
		F2C6242D1950753B00D8AEEB /* 99 Sodas ChallengeTests.xctest */ = {isa = PBXFileReference; explicitFileType = wrapper.cfbundle; includeInIndex = 0; path = "99 Sodas ChallengeTests.xctest"; sourceTree = BUILT_PRODUCTS_DIR; };
		F2C6242E1950753B00D8AEEB /* XCTest.framework */ = {isa = PBXFileReference; lastKnownFileType = wrapper.framework; name = XCTest.framework; path = Library/Frameworks/XCTest.framework; sourceTree = DEVELOPER_DIR; };
		F2C624361950753B00D8AEEB /* 99 Sodas ChallengeTests-Info.plist */ = {isa = PBXFileReference; lastKnownFileType = text.plist.xml; path = "99 Sodas ChallengeTests-Info.plist"; sourceTree = "<group>"; };
		F2C624381950753B00D8AEEB /* en */ = {isa = PBXFileReference; lastKnownFileType = text.plist.strings; name = en; path = en.lproj/InfoPlist.strings; sourceTree = "<group>"; };
		F2C6243A1950753B00D8AEEB /* _9_Sodas_ChallengeTests.m */ = {isa = PBXFileReference; lastKnownFileType = sourcecode.c.objc; path = _9_Sodas_ChallengeTests.m; sourceTree = "<group>"; };
/* End PBXFileReference section */

/* Begin PBXFrameworksBuildPhase section */
		F2C624091950753B00D8AEEB /* Frameworks */ = {
			isa = PBXFrameworksBuildPhase;
			buildActionMask = 2147483647;
			files = (
				F2C624121950753B00D8AEEB /* CoreGraphics.framework in Frameworks */,
				F2C624141950753B00D8AEEB /* UIKit.framework in Frameworks */,
				F2C624101950753B00D8AEEB /* Foundation.framework in Frameworks */,
			);
			runOnlyForDeploymentPostprocessing = 0;
		};
		F2C6242A1950753B00D8AEEB /* Frameworks */ = {
			isa = PBXFrameworksBuildPhase;
			buildActionMask = 2147483647;
			files = (
				F2C6242F1950753B00D8AEEB /* XCTest.framework in Frameworks */,
				F2C624311950753B00D8AEEB /* UIKit.framework in Frameworks */,
				F2C624301950753B00D8AEEB /* Foundation.framework in Frameworks */,
			);
			runOnlyForDeploymentPostprocessing = 0;
		};
/* End PBXFrameworksBuildPhase section */

/* Begin PBXGroup section */
		F2C624031950753B00D8AEEB = {
			isa = PBXGroup;
			children = (
				F2C624151950753B00D8AEEB /* 99 Sodas Challenge */,
				F2C624341950753B00D8AEEB /* 99 Sodas ChallengeTests */,
				F2C6240E1950753B00D8AEEB /* Frameworks */,
				F2C6240D1950753B00D8AEEB /* Products */,
			);
			sourceTree = "<group>";
		};
		F2C6240D1950753B00D8AEEB /* Products */ = {
			isa = PBXGroup;
			children = (
				F2C6240C1950753B00D8AEEB /* 99 Sodas Challenge.app */,
				F2C6242D1950753B00D8AEEB /* 99 Sodas ChallengeTests.xctest */,
			);
			name = Products;
			sourceTree = "<group>";
		};
		F2C6240E1950753B00D8AEEB /* Frameworks */ = {
			isa = PBXGroup;
			children = (
				F2C6240F1950753B00D8AEEB /* Foundation.framework */,
				F2C624111950753B00D8AEEB /* CoreGraphics.framework */,
				F2C624131950753B00D8AEEB /* UIKit.framework */,
				F2C6242E1950753B00D8AEEB /* XCTest.framework */,
			);
			name = Frameworks;
			sourceTree = "<group>";
		};
		F2C624151950753B00D8AEEB /* 99 Sodas Challenge */ = {
			isa = PBXGroup;
			children = (
				F2C6241E1950753B00D8AEEB /* AppDelegate.h */,
				F2C6241F1950753B00D8AEEB /* AppDelegate.m */,
				F2C624211950753B00D8AEEB /* Main.storyboard */,
				F2C624241950753B00D8AEEB /* ViewController.h */,
				F2C624251950753B00D8AEEB /* ViewController.m */,
				F2C624271950753B00D8AEEB /* Images.xcassets */,
				F2C624161950753B00D8AEEB /* Supporting Files */,
			);
			path = "99 Sodas Challenge";
			sourceTree = "<group>";
		};
		F2C624161950753B00D8AEEB /* Supporting Files */ = {
			isa = PBXGroup;
			children = (
				F2C624171950753B00D8AEEB /* 99 Sodas Challenge-Info.plist */,
				F2C624181950753B00D8AEEB /* InfoPlist.strings */,
				F2C6241B1950753B00D8AEEB /* main.m */,
				F2C6241D1950753B00D8AEEB /* 99 Sodas Challenge-Prefix.pch */,
			);
			name = "Supporting Files";
			sourceTree = "<group>";
		};
		F2C624341950753B00D8AEEB /* 99 Sodas ChallengeTests */ = {
			isa = PBXGroup;
			children = (
				F2C6243A1950753B00D8AEEB /* _9_Sodas_ChallengeTests.m */,
				F2C624351950753B00D8AEEB /* Supporting Files */,
			);
			path = "99 Sodas ChallengeTests";
			sourceTree = "<group>";
		};
		F2C624351950753B00D8AEEB /* Supporting Files */ = {
			isa = PBXGroup;
			children = (
				F2C624361950753B00D8AEEB /* 99 Sodas ChallengeTests-Info.plist */,
				F2C624371950753B00D8AEEB /* InfoPlist.strings */,
			);
			name = "Supporting Files";
			sourceTree = "<group>";
		};
/* End PBXGroup section */

/* Begin PBXNativeTarget section */
		F2C6240B1950753B00D8AEEB /* 99 Sodas Challenge */ = {
			isa = PBXNativeTarget;
			buildConfigurationList = F2C6243E1950753B00D8AEEB /* Build configuration list for PBXNativeTarget "99 Sodas Challenge" */;
			buildPhases = (
				F2C624081950753B00D8AEEB /* Sources */,
				F2C624091950753B00D8AEEB /* Frameworks */,
				F2C6240A1950753B00D8AEEB /* Resources */,
			);
			buildRules = (
			);
			dependencies = (
			);
			name = "99 Sodas Challenge";
			productName = "99 Sodas Challenge";
			productReference = F2C6240C1950753B00D8AEEB /* 99 Sodas Challenge.app */;
			productType = "com.apple.product-type.application";
		};
		F2C6242C1950753B00D8AEEB /* 99 Sodas ChallengeTests */ = {
			isa = PBXNativeTarget;
			buildConfigurationList = F2C624411950753B00D8AEEB /* Build configuration list for PBXNativeTarget "99 Sodas ChallengeTests" */;
			buildPhases = (
				F2C624291950753B00D8AEEB /* Sources */,
				F2C6242A1950753B00D8AEEB /* Frameworks */,
				F2C6242B1950753B00D8AEEB /* Resources */,
			);
			buildRules = (
			);
			dependencies = (
				F2C624331950753B00D8AEEB /* PBXTargetDependency */,
			);
			name = "99 Sodas ChallengeTests";
			productName = "99 Sodas ChallengeTests";
			productReference = F2C6242D1950753B00D8AEEB /* 99 Sodas ChallengeTests.xctest */;
			productType = "com.apple.product-type.bundle.unit-test";
		};
/* End PBXNativeTarget section */

/* Begin PBXProject section */
		F2C624041950753B00D8AEEB /* Project object */ = {
			isa = PBXProject;
			attributes = {
				LastUpgradeCheck = 0510;
				ORGANIZATIONNAME = "Ryan McCawley";
				TargetAttributes = {
					F2C6242C1950753B00D8AEEB = {
						TestTargetID = F2C6240B1950753B00D8AEEB;
					};
				};
			};
			buildConfigurationList = F2C624071950753B00D8AEEB /* Build configuration list for PBXProject "99 Sodas Challenge" */;
			compatibilityVersion = "Xcode 3.2";
			developmentRegion = English;
			hasScannedForEncodings = 0;
			knownRegions = (
				en,
				Base,
			);
			mainGroup = F2C624031950753B00D8AEEB;
			productRefGroup = F2C6240D1950753B00D8AEEB /* Products */;
			projectDirPath = "";
			projectRoot = "";
			targets = (
				F2C6240B1950753B00D8AEEB /* 99 Sodas Challenge */,
				F2C6242C1950753B00D8AEEB /* 99 Sodas ChallengeTests */,
			);
		};
/* End PBXProject section */

/* Begin PBXResourcesBuildPhase section */
		F2C6240A1950753B00D8AEEB /* Resources */ = {
			isa = PBXResourcesBuildPhase;
			buildActionMask = 2147483647;
			files = (
				F2C624281950753B00D8AEEB /* Images.xcassets in Resources */,
				F2C6241A1950753B00D8AEEB /* InfoPlist.strings in Resources */,
				F2C624231950753B00D8AEEB /* Main.storyboard in Resources */,
			);
			runOnlyForDeploymentPostprocessing = 0;
		};
		F2C6242B1950753B00D8AEEB /* Resources */ = {
			isa = PBXResourcesBuildPhase;
			buildActionMask = 2147483647;
			files = (
				F2C624391950753B00D8AEEB /* InfoPlist.strings in Resources */,
			);
			runOnlyForDeploymentPostprocessing = 0;
		};
/* End PBXResourcesBuildPhase section */

/* Begin PBXSourcesBuildPhase section */
		F2C624081950753B00D8AEEB /* Sources */ = {
			isa = PBXSourcesBuildPhase;
			buildActionMask = 2147483647;
			files = (
				F2C624261950753B00D8AEEB /* ViewController.m in Sources */,
				F2C624201950753B00D8AEEB /* AppDelegate.m in Sources */,
				F2C6241C1950753B00D8AEEB /* main.m in Sources */,
			);
			runOnlyForDeploymentPostprocessing = 0;
		};
		F2C624291950753B00D8AEEB /* Sources */ = {
			isa = PBXSourcesBuildPhase;
			buildActionMask = 2147483647;
			files = (
				F2C6243B1950753B00D8AEEB /* _9_Sodas_ChallengeTests.m in Sources */,
			);
			runOnlyForDeploymentPostprocessing = 0;
		};
/* End PBXSourcesBuildPhase section */

/* Begin PBXTargetDependency section */
		F2C624331950753B00D8AEEB /* PBXTargetDependency */ = {
			isa = PBXTargetDependency;
			target = F2C6240B1950753B00D8AEEB /* 99 Sodas Challenge */;
			targetProxy = F2C624321950753B00D8AEEB /* PBXContainerItemProxy */;
		};
/* End PBXTargetDependency section */

/* Begin PBXVariantGroup section */
		F2C624181950753B00D8AEEB /* InfoPlist.strings */ = {
			isa = PBXVariantGroup;
			children = (
				F2C624191950753B00D8AEEB /* en */,
			);
			name = InfoPlist.strings;
			sourceTree = "<group>";
		};
		F2C624211950753B00D8AEEB /* Main.storyboard */ = {
			isa = PBXVariantGroup;
			children = (
				F2C624221950753B00D8AEEB /* Base */,
			);
			name = Main.storyboard;
			sourceTree = "<group>";
		};
		F2C624371950753B00D8AEEB /* InfoPlist.strings */ = {
			isa = PBXVariantGroup;
			children = (
				F2C624381950753B00D8AEEB /* en */,
			);
			name = InfoPlist.strings;
			sourceTree = "<group>";
		};
/* End PBXVariantGroup section */

/* Begin XCBuildConfiguration section */
		F2C6243C1950753B00D8AEEB /* Debug */ = {
			isa = XCBuildConfiguration;
			buildSettings = {
				ALWAYS_SEARCH_USER_PATHS = NO;
				CLANG_CXX_LANGUAGE_STANDARD = "gnu++0x";
				CLANG_CXX_LIBRARY = "libc++";
				CLANG_ENABLE_MODULES = YES;
				CLANG_ENABLE_OBJC_ARC = YES;
				CLANG_WARN_BOOL_CONVERSION = YES;
				CLANG_WARN_CONSTANT_CONVERSION = YES;
				CLANG_WARN_DIRECT_OBJC_ISA_USAGE = YES_ERROR;
				CLANG_WARN_EMPTY_BODY = YES;
				CLANG_WARN_ENUM_CONVERSION = YES;
				CLANG_WARN_INT_CONVERSION = YES;
				CLANG_WARN_OBJC_ROOT_CLASS = YES_ERROR;
				CLANG_WARN__DUPLICATE_METHOD_MATCH = YES;
				"CODE_SIGN_IDENTITY[sdk=iphoneos*]" = "iPhone Developer";
				COPY_PHASE_STRIP = NO;
				GCC_C_LANGUAGE_STANDARD = gnu99;
				GCC_DYNAMIC_NO_PIC = NO;
				GCC_OPTIMIZATION_LEVEL = 0;
				GCC_PREPROCESSOR_DEFINITIONS = (
					"DEBUG=1",
					"$(inherited)",
				);
				GCC_SYMBOLS_PRIVATE_EXTERN = NO;
				GCC_WARN_64_TO_32_BIT_CONVERSION = YES;
				GCC_WARN_ABOUT_RETURN_TYPE = YES_ERROR;
				GCC_WARN_UNDECLARED_SELECTOR = YES;
				GCC_WARN_UNINITIALIZED_AUTOS = YES_AGGRESSIVE;
				GCC_WARN_UNUSED_FUNCTION = YES;
				GCC_WARN_UNUSED_VARIABLE = YES;
				IPHONEOS_DEPLOYMENT_TARGET = 7.1;
				ONLY_ACTIVE_ARCH = YES;
				SDKROOT = iphoneos;
			};
			name = Debug;
		};
		F2C6243D1950753B00D8AEEB /* Release */ = {
			isa = XCBuildConfiguration;
			buildSettings = {
				ALWAYS_SEARCH_USER_PATHS = NO;
				CLANG_CXX_LANGUAGE_STANDARD = "gnu++0x";
				CLANG_CXX_LIBRARY = "libc++";
				CLANG_ENABLE_MODULES = YES;
				CLANG_ENABLE_OBJC_ARC = YES;
				CLANG_WARN_BOOL_CONVERSION = YES;
				CLANG_WARN_CONSTANT_CONVERSION = YES;
				CLANG_WARN_DIRECT_OBJC_ISA_USAGE = YES_ERROR;
				CLANG_WARN_EMPTY_BODY = YES;
				CLANG_WARN_ENUM_CONVERSION = YES;
				CLANG_WARN_INT_CONVERSION = YES;
				CLANG_WARN_OBJC_ROOT_CLASS = YES_ERROR;
				CLANG_WARN__DUPLICATE_METHOD_MATCH = YES;
				"CODE_SIGN_IDENTITY[sdk=iphoneos*]" = "iPhone Developer";
				COPY_PHASE_STRIP = YES;
				ENABLE_NS_ASSERTIONS = NO;
				GCC_C_LANGUAGE_STANDARD = gnu99;
				GCC_WARN_64_TO_32_BIT_CONVERSION = YES;
				GCC_WARN_ABOUT_RETURN_TYPE = YES_ERROR;
				GCC_WARN_UNDECLARED_SELECTOR = YES;
				GCC_WARN_UNINITIALIZED_AUTOS = YES_AGGRESSIVE;
				GCC_WARN_UNUSED_FUNCTION = YES;
				GCC_WARN_UNUSED_VARIABLE = YES;
				IPHONEOS_DEPLOYMENT_TARGET = 7.1;
				SDKROOT = iphoneos;
				VALIDATE_PRODUCT = YES;
			};
			name = Release;
		};
		F2C6243F1950753B00D8AEEB /* Debug */ = {
			isa = XCBuildConfiguration;
			buildSettings = {
				ASSETCATALOG_COMPILER_APPICON_NAME = AppIcon;
				ASSETCATALOG_COMPILER_LAUNCHIMAGE_NAME = LaunchImage;
				GCC_PRECOMPILE_PREFIX_HEADER = YES;
				GCC_PREFIX_HEADER = "99 Sodas Challenge/99 Sodas Challenge-Prefix.pch";
				INFOPLIST_FILE = "99 Sodas Challenge/99 Sodas Challenge-Info.plist";
				PRODUCT_NAME = "$(TARGET_NAME)";
				WRAPPER_EXTENSION = app;
			};
			name = Debug;
		};
		F2C624401950753B00D8AEEB /* Release */ = {
			isa = XCBuildConfiguration;
			buildSettings = {
				ASSETCATALOG_COMPILER_APPICON_NAME = AppIcon;
				ASSETCATALOG_COMPILER_LAUNCHIMAGE_NAME = LaunchImage;
				GCC_PRECOMPILE_PREFIX_HEADER = YES;
				GCC_PREFIX_HEADER = "99 Sodas Challenge/99 Sodas Challenge-Prefix.pch";
				INFOPLIST_FILE = "99 Sodas Challenge/99 Sodas Challenge-Info.plist";
				PRODUCT_NAME = "$(TARGET_NAME)";
				WRAPPER_EXTENSION = app;
			};
			name = Release;
		};
		F2C624421950753B00D8AEEB /* Debug */ = {
			isa = XCBuildConfiguration;
			buildSettings = {
				BUNDLE_LOADER = "$(BUILT_PRODUCTS_DIR)/99 Sodas Challenge.app/99 Sodas Challenge";
				FRAMEWORK_SEARCH_PATHS = (
					"$(SDKROOT)/Developer/Library/Frameworks",
					"$(inherited)",
					"$(DEVELOPER_FRAMEWORKS_DIR)",
				);
				GCC_PRECOMPILE_PREFIX_HEADER = YES;
				GCC_PREFIX_HEADER = "99 Sodas Challenge/99 Sodas Challenge-Prefix.pch";
				GCC_PREPROCESSOR_DEFINITIONS = (
					"DEBUG=1",
					"$(inherited)",
				);
				INFOPLIST_FILE = "99 Sodas ChallengeTests/99 Sodas ChallengeTests-Info.plist";
				PRODUCT_NAME = "$(TARGET_NAME)";
				TEST_HOST = "$(BUNDLE_LOADER)";
				WRAPPER_EXTENSION = xctest;
			};
			name = Debug;
		};
		F2C624431950753B00D8AEEB /* Release */ = {
			isa = XCBuildConfiguration;
			buildSettings = {
				BUNDLE_LOADER = "$(BUILT_PRODUCTS_DIR)/99 Sodas Challenge.app/99 Sodas Challenge";
				FRAMEWORK_SEARCH_PATHS = (
					"$(SDKROOT)/Developer/Library/Frameworks",
					"$(inherited)",
					"$(DEVELOPER_FRAMEWORKS_DIR)",
				);
				GCC_PRECOMPILE_PREFIX_HEADER = YES;
				GCC_PREFIX_HEADER = "99 Sodas Challenge/99 Sodas Challenge-Prefix.pch";
				INFOPLIST_FILE = "99 Sodas ChallengeTests/99 Sodas ChallengeTests-Info.plist";
				PRODUCT_NAME = "$(TARGET_NAME)";
				TEST_HOST = "$(BUNDLE_LOADER)";
				WRAPPER_EXTENSION = xctest;
			};
			name = Release;
		};
/* End XCBuildConfiguration section */

/* Begin XCConfigurationList section */
		F2C624071950753B00D8AEEB /* Build configuration list for PBXProject "99 Sodas Challenge" */ = {
			isa = XCConfigurationList;
			buildConfigurations = (
				F2C6243C1950753B00D8AEEB /* Debug */,
				F2C6243D1950753B00D8AEEB /* Release */,
			);
			defaultConfigurationIsVisible = 0;
			defaultConfigurationName = Release;
		};
		F2C6243E1950753B00D8AEEB /* Build configuration list for PBXNativeTarget "99 Sodas Challenge" */ = {
			isa = XCConfigurationList;
			buildConfigurations = (
				F2C6243F1950753B00D8AEEB /* Debug */,
				F2C624401950753B00D8AEEB /* Release */,
			);
			defaultConfigurationIsVisible = 0;
		};
		F2C624411950753B00D8AEEB /* Build configuration list for PBXNativeTarget "99 Sodas ChallengeTests" */ = {
			isa = XCConfigurationList;
			buildConfigurations = (
				F2C624421950753B00D8AEEB /* Debug */,
				F2C624431950753B00D8AEEB /* Release */,
			);
			defaultConfigurationIsVisible = 0;
		};
/* End XCConfigurationList section */
	};
	rootObject = F2C624041950753B00D8AEEB /* Project object */;
}
